
Microsoft Visual Studio Solution File, Format Version 12.00
# Visual Studio Version 17
VisualStudioVersion = 17.12.35707.178 d17.12
MinimumVisualStudioVersion = 10.0.40219.1
Project("{FAE04EC0-301F-11D3-BF4B-00C04F79EFBC}") = "ProductManagementSystem.EntityLayer", "ProductManagementSystem.EntityLayer\ProductManagementSystem.EntityLayer.csproj", "{8BDE025D-8478-485A-85FC-086F88515D1E}"
EndProject
Project("{FAE04EC0-301F-11D3-BF4B-00C04F79EFBC}") = "ProductManagementSystem.DataAccessLayer", "ProductManagementSystem.DataAccessLayer\ProductManagementSystem.DataAccessLayer.csproj", "{C3B6BB4E-937F-4214-96B1-1B3E155D0EBA}"
EndProject
Project("{FAE04EC0-301F-11D3-BF4B-00C04F79EFBC}") = "ProductManagementSystem.BusinessLayer", "ProductManagementSystem.BusinessLayer\ProductManagementSystem.BusinessLayer.csproj", "{97FD2697-8B71-407E-9C88-56DA886B433E}"
EndProject
Project("{FAE04EC0-301F-11D3-BF4B-00C04F79EFBC}") = "ProductManagementSystem.PresentationLayer", "ProductManagementSystem.PresentationLayer\ProductManagementSystem.PresentationLayer.csproj", "{9F694F23-DC91-43E0-8701-BC2E1C90E671}"
EndProject
Global
	GlobalSection(SolutionConfigurationPlatforms) = preSolution
		Debug|Any CPU = Debug|Any CPU
		Release|Any CPU = Release|Any CPU
	EndGlobalSection
	GlobalSection(ProjectConfigurationPlatforms) = postSolution
		{8BDE025D-8478-485A-85FC-086F88515D1E}.Debug|Any CPU.ActiveCfg = Debug|Any CPU
		{8BDE025D-8478-485A-85FC-086F88515D1E}.Debug|Any CPU.Build.0 = Debug|Any CPU
		{8BDE025D-8478-485A-85FC-086F88515D1E}.Release|Any CPU.ActiveCfg = Release|Any CPU
		{8BDE025D-8478-485A-85FC-086F88515D1E}.Release|Any CPU.Build.0 = Release|Any CPU
		{C3B6BB4E-937F-4214-96B1-1B3E155D0EBA}.Debug|Any CPU.ActiveCfg = Debug|Any CPU
		{C3B6BB4E-937F-4214-96B1-1B3E155D0EBA}.Debug|Any CPU.Build.0 = Debug|Any CPU
		{C3B6BB4E-937F-4214-96B1-1B3E155D0EBA}.Release|Any CPU.ActiveCfg = Release|Any CPU
		{C3B6BB4E-937F-4214-96B1-1B3E155D0EBA}.Release|Any CPU.Build.0 = Release|Any CPU
		{97FD2697-8B71-407E-9C88-56DA886B433E}.Debug|Any CPU.ActiveCfg = Debug|Any CPU
		{97FD2697-8B71-407E-9C88-56DA886B433E}.Debug|Any CPU.Build.0 = Debug|Any CPU
		{97FD2697-8B71-407E-9C88-56DA886B433E}.Release|Any CPU.ActiveCfg = Release|Any CPU
		{97FD2697-8B71-407E-9C88-56DA886B433E}.Release|Any CPU.Build.0 = Release|Any CPU
		{9F694F23-DC91-43E0-8701-BC2E1C90E671}.Debug|Any CPU.ActiveCfg = Debug|Any CPU
		{9F694F23-DC91-43E0-8701-BC2E1C90E671}.Debug|Any CPU.Build.0 = Debug|Any CPU
		{9F694F23-DC91-43E0-8701-BC2E1C90E671}.Release|Any CPU.ActiveCfg = Release|Any CPU
		{9F694F23-DC91-43E0-8701-BC2E1C90E671}.Release|Any CPU.Build.0 = Release|Any CPU
	EndGlobalSection
	GlobalSection(SolutionProperties) = preSolution
		HideSolutionNode = FALSE
	EndGlobalSection
EndGlobal
